# This file is automatically @generated by Cargo.
# It is not intended for manual editing.
version = 4

[[package]]
name = "autocfg"
version = "1.5.1"
source = "registry+https://github.com/rust-lang/crates.io-index"
checksum = "f2032f911046de80f0a198e0901378627c33f59ea0ac00e363d481118bd70a53"

[[package]]
name = "dace-rs"
version = "0.1.0"
dependencies = [
 "log",
 "puruspe",
]

[[package]]
name = "lambert_w"
version = "1.2.34"
source = "registry+https://github.com/rust-lang/crates.io-index"
checksum = "f5f0846ee4f0299ca4c5b9ca06ff55cf88b3430a763bf591474cc734479c9b24"
dependencies = [
 "num-complex",
 "num-traits",
]

[[package]]
name = "log"
version = "0.4.34"
source = "registry+https://github.com/rust-lang/crates.io-index"
checksum = "f9f8bd3e56ce4dfc153cf470fffbfa98c7620958b312ca5c3a4b8d5181fd13c6"

[[package]]
name = "num-complex"
version = "0.4.6"
source = "registry+https://github.com/rust-lang/crates.io-index"
checksum = "73f88a1307638156682bada9d7604135552957b7818057dcef22705b4d509495"
dependencies = [
 "num-traits",
]

[[package]]
name = "num-traits"
version = "0.2.19"
source = "registry+https://github.com/rust-lang/crates.io-index"
checksum = "071dfc062690e90b734c0b2273ce72ad0ffa95f0c74596bc250dcfd960262841"
dependencies = [
 "autocfg",
]

[[package]]
name = "puruspe"
version = "0.4.4"
source = "registry+https://github.com/rust-lang/crates.io-index"
checksum = "2c9d62b4ad8b456f2ac8a171567bd475cae8cecd53ff5a46fce4f261eef17648"
dependencies = [
 "lambert_w",
 "num-complex",
]
